PODS:
  - Flutter (1.0.0)
  - flutter_config (0.0.1):
    - Flutter
  - flutter_local_notifications (0.0.1):
    - Flutter
  - geolocator_apple (1.2.0):
    - Flutter
  - google_maps_flutter_ios (0.0.1):
    - Flutter
    - GoogleMaps
  - GoogleMaps (7.2.0):
    - GoogleMaps/Maps (= 7.2.0)
  - GoogleMaps/Base (7.2.0)
  - GoogleMaps/Maps (7.2.0):
    - GoogleMaps/Base
  - path_provider_ios (0.0.1):
    - Flutter
  - shared_preferences_ios (0.0.1):
    - Flutter
  - sqlite3 (3.40.0):
    - sqlite3/common (= 3.40.0)
  - sqlite3/common (3.40.0)
  - sqlite3/fts5 (3.40.0):
    - sqlite3/common
  - sqlite3/perf-threadsafe (3.40.0):
    - sqlite3/common
  - sqlite3/rtree (3.40.0):
    - sqlite3/common
  - sqlite3_flutter_libs (0.0.1):
    - Flutter
    - sqlite3 (~> 3.40.0)
    - sqlite3/fts5
    - sqlite3/perf-threadsafe
    - sqlite3/rtree
  - url_launcher_ios (0.0.1):
    - Flutter

DEPENDENCIES:
  - Flutter (from `Flutter`)
  - flutter_config (from `.symlinks/plugins/flutter_config/ios`)
  - flutter_local_notifications (from `.symlinks/plugins/flutter_local_notifications/ios`)
  - geolocator_apple (from `.symlinks/plugins/geolocator_apple/ios`)
  - google_maps_flutter_ios (from `.symlinks/plugins/google_maps_flutter_ios/ios`)
  - path_provider_ios (from `.symlinks/plugins/path_provider_ios/ios`)
  - shared_preferences_ios (from `.symlinks/plugins/shared_preferences_ios/ios`)
  - sqlite3_flutter_libs (from `.symlinks/plugins/sqlite3_flutter_libs/ios`)
  - url_launcher_ios (from `.symlinks/plugins/url_launcher_ios/ios`)

SPEC REPOS:
  trunk:
    - GoogleMaps
    - sqlite3

EXTERNAL SOURCES:
  Flutter:
    :path: Flutter
  flutter_config:
    :path: ".symlinks/plugins/flutter_config/ios"
  flutter_local_notifications:
    :path: ".symlinks/plugins/flutter_local_notifications/ios"
  geolocator_apple:
    :path: ".symlinks/plugins/geolocator_apple/ios"
  google_maps_flutter_ios:
    :path: ".symlinks/plugins/google_maps_flutter_ios/ios"
  path_provider_ios:
    :path: ".symlinks/plugins/path_provider_ios/ios"
  shared_preferences_ios:
    :path: ".symlinks/plugins/shared_preferences_ios/ios"
  sqlite3_flutter_libs:
    :path: ".symlinks/plugins/sqlite3_flutter_libs/ios"
  url_launcher_ios:
    :path: ".symlinks/plugins/url_launcher_ios/ios"

SPEC CHECKSUMS:
  Flutter: f04841e97a9d0b0a8025694d0796dd46242b2854
  flutter_config: 2226c1df19c78fe34a05eb7f1363445f18e76fc1
  flutter_local_notifications: 0c0b1ae97e741e1521e4c1629a459d04b9aec743
  geolocator_apple: cc556e6844d508c95df1e87e3ea6fa4e58c50401
  google_maps_flutter_ios: 66201f392bf62d500f07670a30488a247b9bb5b9
  GoogleMaps: 65ce5426e2398bb81433c8076f2ab6419c2c5537
  path_provider_ios: 14f3d2fd28c4fdb42f44e0f751d12861c43cee02
  shared_preferences_ios: 548a61f8053b9b8a49ac19c1ffbc8b92c50d68ad
  sqlite3: 88dd99ef4ac3945f5a15facdd752933c52fd93bf
  sqlite3_flutter_libs: c00751e981228acb63595236703da79d31282b63
  url_launcher_ios: 839c58cdb4279282219f5e248c3321761ff3c4de

PODFILE CHECKSUM: 57c8aed26fba39d3ec9424816221f294a07c58eb

COCOAPODS: 1.11.3
